
Microsoft Visual Studio Solution File, Format Version 12.00
# Visual Studio Version 16
VisualStudioVersion = 16.0.31702.278
MinimumVisualStudioVersion = 10.0.40219.1
Project("{9A19103F-16F7-4668-BE54-9A1E7A4F7556}") = "Phoneword", "Phoneword\Phoneword\Phoneword.csproj", "{C64F6DC9-2608-47E5-9C01-E2A9BA2856D8}"
EndProject
Project("{FAE04EC0-301F-11D3-BF4B-00C04F79EFBC}") = "Phoneword.Android", "Phoneword\Phoneword.Android\Phoneword.Android.csproj", "{F9DFD649-F966-4D77-B18B-92383DC48EBD}"
EndProject
Project("{FAE04EC0-301F-11D3-BF4B-00C04F79EFBC}") = "Phoneword.iOS", "Phoneword\Phoneword.iOS\Phoneword.iOS.csproj", "{8BB0BBB7-EB01-41A8-A4B1-7BAB47281338}"
EndProject
Global
	GlobalSection(SolutionConfigurationPlatforms) = preSolution
		Ad-Hoc|Any CPU = Ad-Hoc|Any CPU
		Ad-Hoc|iPhone = Ad-Hoc|iPhone
		Ad-Hoc|iPhoneSimulator = Ad-Hoc|iPhoneSimulator
		AppStore|Any CPU = AppStore|Any CPU
		AppStore|iPhone = AppStore|iPhone
		AppStore|iPhoneSimulator = AppStore|iPhoneSimulator
		Debug|Any CPU = Debug|Any CPU
		Debug|iPhone = Debug|iPhone
		Debug|iPhoneSimulator = Debug|iPhoneSimulator
		Release|Any CPU = Release|Any CPU
		Release|iPhone = Release|iPhone
		Release|iPhoneSimulator = Release|iPhoneSimulator
	EndGlobalSection
	GlobalSection(ProjectConfigurationPlatforms) = postSolution
		{C64F6DC9-2608-47E5-9C01-E2A9BA2856D8}.Ad-Hoc|Any CPU.ActiveCfg = Release|Any CPU
		{C64F6DC9-2608-47E5-9C01-E2A9BA2856D8}.Ad-Hoc|Any CPU.Build.0 = Release|Any CPU
		{C64F6DC9-2608-47E5-9C01-E2A9BA2856D8}.Ad-Hoc|iPhone.ActiveCfg = Debug|Any CPU
		{C64F6DC9-2608-47E5-9C01-E2A9BA2856D8}.Ad-Hoc|iPhone.Build.0 = Debug|Any CPU
		{C64F6DC9-2608-47E5-9C01-E2A9BA2856D8}.Ad-Hoc|iPhoneSimulator.ActiveCfg = Release|Any CPU
		{C64F6DC9-2608-47E5-9C01-E2A9BA2856D8}.Ad-Hoc|iPhoneSimulator.Build.0 = Release|Any CPU
		{C64F6DC9-2608-47E5-9C01-E2A9BA2856D8}.AppStore|Any CPU.ActiveCfg = Release|Any CPU
		{C64F6DC9-2608-47E5-9C01-E2A9BA2856D8}.AppStore|Any CPU.Build.0 = Release|Any CPU
		{C64F6DC9-2608-47E5-9C01-E2A9BA2856D8}.AppStore|iPhone.ActiveCfg = Debug|Any CPU
		{C64F6DC9-2608-47E5-9C01-E2A9BA2856D8}.AppStore|iPhone.Build.0 = Debug|Any CPU
		{C64F6DC9-2608-47E5-9C01-E2A9BA2856D8}.AppStore|iPhoneSimulator.ActiveCfg = Release|Any CPU
		{C64F6DC9-2608-47E5-9C01-E2A9BA2856D8}.AppStore|iPhoneSimulator.Build.0 = Release|Any CPU
		{C64F6DC9-2608-47E5-9C01-E2A9BA2856D8}.Debug|Any CPU.ActiveCfg = Debug|Any CPU
		{C64F6DC9-2608-47E5-9C01-E2A9BA2856D8}.Debug|Any CPU.Build.0 = Debug|Any CPU
		{C64F6DC9-2608-47E5-9C01-E2A9BA2856D8}.Debug|iPhone.ActiveCfg = Debug|Any CPU
		{C64F6DC9-2608-47E5-9C01-E2A9BA2856D8}.Debug|iPhone.Build.0 = Debug|Any CPU
		{C64F6DC9-2608-47E5-9C01-E2A9BA2856D8}.Debug|iPhoneSimulator.ActiveCfg = Debug|Any CPU
		{C64F6DC9-2608-47E5-9C01-E2A9BA2856D8}.Debug|iPhoneSimulator.Build.0 = Debug|Any CPU
		{C64F6DC9-2608-47E5-9C01-E2A9BA2856D8}.Release|Any CPU.ActiveCfg = Release|Any CPU
		{C64F6DC9-2608-47E5-9C01-E2A9BA2856D8}.Release|Any CPU.Build.0 = Release|Any CPU
		{C64F6DC9-2608-47E5-9C01-E2A9BA2856D8}.Release|iPhone.ActiveCfg = Release|Any CPU
		{C64F6DC9-2608-47E5-9C01-E2A9BA2856D8}.Release|iPhone.Build.0 = Release|Any CPU
		{C64F6DC9-2608-47E5-9C01-E2A9BA2856D8}.Release|iPhoneSimulator.ActiveCfg = Release|Any CPU
		{C64F6DC9-2608-47E5-9C01-E2A9BA2856D8}.Release|iPhoneSimulator.Build.0 = Release|Any CPU
		{F9DFD649-F966-4D77-B18B-92383DC48EBD}.Ad-Hoc|Any CPU.ActiveCfg = Release|Any CPU
		{F9DFD649-F966-4D77-B18B-92383DC48EBD}.Ad-Hoc|Any CPU.Build.0 = Release|Any CPU
		{F9DFD649-F966-4D77-B18B-92383DC48EBD}.Ad-Hoc|Any CPU.Deploy.0 = Release|Any CPU
		{F9DFD649-F966-4D77-B18B-92383DC48EBD}.Ad-Hoc|iPhone.ActiveCfg = Debug|Any CPU
		{F9DFD649-F966-4D77-B18B-92383DC48EBD}.Ad-Hoc|iPhone.Build.0 = Debug|Any CPU
		{F9DFD649-F966-4D77-B18B-92383DC48EBD}.Ad-Hoc|iPhone.Deploy.0 = Debug|Any CPU
		{F9DFD649-F966-4D77-B18B-92383DC48EBD}.Ad-Hoc|iPhoneSimulator.ActiveCfg = Release|Any CPU
		{F9DFD649-F966-4D77-B18B-92383DC48EBD}.Ad-Hoc|iPhoneSimulator.Build.0 = Release|Any CPU
		{F9DFD649-F966-4D77-B18B-92383DC48EBD}.Ad-Hoc|iPhoneSimulator.Deploy.0 = Release|Any CPU
		{F9DFD649-F966-4D77-B18B-92383DC48EBD}.AppStore|Any CPU.ActiveCfg = Release|Any CPU
		{F9DFD649-F966-4D77-B18B-92383DC48EBD}.AppStore|Any CPU.Build.0 = Release|Any CPU
		{F9DFD649-F966-4D77-B18B-92383DC48EBD}.AppStore|Any CPU.Deploy.0 = Release|Any CPU
		{F9DFD649-F966-4D77-B18B-92383DC48EBD}.AppStore|iPhone.ActiveCfg = Debug|Any CPU
		{F9DFD649-F966-4D77-B18B-92383DC48EBD}.AppStore|iPhone.Build.0 = Debug|Any CPU
		{F9DFD649-F966-4D77-B18B-92383DC48EBD}.AppStore|iPhone.Deploy.0 = Debug|Any CPU
		{F9DFD649-F966-4D77-B18B-92383DC48EBD}.AppStore|iPhoneSimulator.ActiveCfg = Release|Any CPU
		{F9DFD649-F966-4D77-B18B-92383DC48EBD}.AppStore|iPhoneSimulator.Build.0 = Release|Any CPU
		{F9DFD649-F966-4D77-B18B-92383DC48EBD}.AppStore|iPhoneSimulator.Deploy.0 = Release|Any CPU
		{F9DFD649-F966-4D77-B18B-92383DC48EBD}.Debug|Any CPU.ActiveCfg = Debug|Any CPU
		{F9DFD649-F966-4D77-B18B-92383DC48EBD}.Debug|Any CPU.Build.0 = Debug|Any CPU
		{F9DFD649-F966-4D77-B18B-92383DC48EBD}.Debug|Any CPU.Deploy.0 = Debug|Any CPU
		{F9DFD649-F966-4D77-B18B-92383DC48EBD}.Debug|iPhone.ActiveCfg = Debug|Any CPU
		{F9DFD649-F966-4D77-B18B-92383DC48EBD}.Debug|iPhone.Build.0 = Debug|Any CPU
		{F9DFD649-F966-4D77-B18B-92383DC48EBD}.Debug|iPhone.Deploy.0 = Debug|Any CPU
		{F9DFD649-F966-4D77-B18B-92383DC48EBD}.Debug|iPhoneSimulator.ActiveCfg = Debug|Any CPU
		{F9DFD649-F966-4D77-B18B-92383DC48EBD}.Debug|iPhoneSimulator.Build.0 = Debug|Any CPU
		{F9DFD649-F966-4D77-B18B-92383DC48EBD}.Debug|iPhoneSimulator.Deploy.0 = Debug|Any CPU
		{F9DFD649-F966-4D77-B18B-92383DC48EBD}.Release|Any CPU.ActiveCfg = Release|Any CPU
		{F9DFD649-F966-4D77-B18B-92383DC48EBD}.Release|Any CPU.Build.0 = Release|Any CPU
		{F9DFD649-F966-4D77-B18B-92383DC48EBD}.Release|Any CPU.Deploy.0 = Release|Any CPU
		{F9DFD649-F966-4D77-B18B-92383DC48EBD}.Release|iPhone.ActiveCfg = Release|Any CPU
		{F9DFD649-F966-4D77-B18B-92383DC48EBD}.Release|iPhone.Build.0 = Release|Any CPU
		{F9DFD649-F966-4D77-B18B-92383DC48EBD}.Release|iPhone.Deploy.0 = Release|Any CPU
		{F9DFD649-F966-4D77-B18B-92383DC48EBD}.Release|iPhoneSimulator.ActiveCfg = Release|Any CPU
		{F9DFD649-F966-4D77-B18B-92383DC48EBD}.Release|iPhoneSimulator.Build.0 = Release|Any CPU
		{F9DFD649-F966-4D77-B18B-92383DC48EBD}.Release|iPhoneSimulator.Deploy.0 = Release|Any CPU
		{8BB0BBB7-EB01-41A8-A4B1-7BAB47281338}.Ad-Hoc|Any CPU.ActiveCfg = Ad-Hoc|iPhoneSimulator
		{8BB0BBB7-EB01-41A8-A4B1-7BAB47281338}.Ad-Hoc|iPhone.ActiveCfg = Ad-Hoc|iPhone
		{8BB0BBB7-EB01-41A8-A4B1-7BAB47281338}.Ad-Hoc|iPhone.Build.0 = Ad-Hoc|iPhone
		{8BB0BBB7-EB01-41A8-A4B1-7BAB47281338}.Ad-Hoc|iPhone.Deploy.0 = Ad-Hoc|iPhone
		{8BB0BBB7-EB01-41A8-A4B1-7BAB47281338}.Ad-Hoc|iPhoneSimulator.ActiveCfg = Ad-Hoc|iPhoneSimulator
		{8BB0BBB7-EB01-41A8-A4B1-7BAB47281338}.Ad-Hoc|iPhoneSimulator.Build.0 = Ad-Hoc|iPhoneSimulator
		{8BB0BBB7-EB01-41A8-A4B1-7BAB47281338}.AppStore|Any CPU.ActiveCfg = AppStore|iPhoneSimulator
		{8BB0BBB7-EB01-41A8-A4B1-7BAB47281338}.AppStore|iPhone.ActiveCfg = AppStore|iPhone
		{8BB0BBB7-EB01-41A8-A4B1-7BAB47281338}.AppStore|iPhone.Build.0 = AppStore|iPhone
		{8BB0BBB7-EB01-41A8-A4B1-7BAB47281338}.AppStore|iPhone.Deploy.0 = AppStore|iPhone
		{8BB0BBB7-EB01-41A8-A4B1-7BAB47281338}.AppStore|iPhoneSimulator.ActiveCfg = AppStore|iPhoneSimulator
		{8BB0BBB7-EB01-41A8-A4B1-7BAB47281338}.AppStore|iPhoneSimulator.Build.0 = AppStore|iPhoneSimulator
		{8BB0BBB7-EB01-41A8-A4B1-7BAB47281338}.Debug|Any CPU.ActiveCfg = Debug|iPhoneSimulator
		{8BB0BBB7-EB01-41A8-A4B1-7BAB47281338}.Debug|Any CPU.Build.0 = Debug|iPhoneSimulator
		{8BB0BBB7-EB01-41A8-A4B1-7BAB47281338}.Debug|Any CPU.Deploy.0 = Debug|iPhoneSimulator
		{8BB0BBB7-EB01-41A8-A4B1-7BAB47281338}.Debug|iPhone.ActiveCfg = Debug|iPhone
		{8BB0BBB7-EB01-41A8-A4B1-7BAB47281338}.Debug|iPhone.Build.0 = Debug|iPhone
		{8BB0BBB7-EB01-41A8-A4B1-7BAB47281338}.Debug|iPhone.Deploy.0 = Debug|iPhone
		{8BB0BBB7-EB01-41A8-A4B1-7BAB47281338}.Debug|iPhoneSimulator.ActiveCfg = Debug|iPhoneSimulator
		{8BB0BBB7-EB01-41A8-A4B1-7BAB47281338}.Debug|iPhoneSimulator.Build.0 = Debug|iPhoneSimulator
		{8BB0BBB7-EB01-41A8-A4B1-7BAB47281338}.Debug|iPhoneSimulator.Deploy.0 = Debug|iPhoneSimulator
		{8BB0BBB7-EB01-41A8-A4B1-7BAB47281338}.Release|Any CPU.ActiveCfg = Release|iPhoneSimulator
		{8BB0BBB7-EB01-41A8-A4B1-7BAB47281338}.Release|Any CPU.Build.0 = Release|iPhoneSimulator
		{8BB0BBB7-EB01-41A8-A4B1-7BAB47281338}.Release|Any CPU.Deploy.0 = Release|iPhoneSimulator
		{8BB0BBB7-EB01-41A8-A4B1-7BAB47281338}.Release|iPhone.ActiveCfg = Release|iPhone
		{8BB0BBB7-EB01-41A8-A4B1-7BAB47281338}.Release|iPhone.Build.0 = Release|iPhone
		{8BB0BBB7-EB01-41A8-A4B1-7BAB47281338}.Release|iPhone.Deploy.0 = Release|iPhone
		{8BB0BBB7-EB01-41A8-A4B1-7BAB47281338}.Release|iPhoneSimulator.ActiveCfg = Release|iPhoneSimulator
		{8BB0BBB7-EB01-41A8-A4B1-7BAB47281338}.Release|iPhoneSimulator.Build.0 = Release|iPhoneSimulator
		{8BB0BBB7-EB01-41A8-A4B1-7BAB47281338}.Release|iPhoneSimulator.Deploy.0 = Release|iPhoneSimulator
	EndGlobalSection
	GlobalSection(SolutionProperties) = preSolution
		HideSolutionNode = FALSE
	EndGlobalSection
	GlobalSection(ExtensibilityGlobals) = postSolution
		SolutionGuid = {16BA3041-3E31-4EFB-BCBF-6A5AB70911B1}
	EndGlobalSection
EndGlobal
